Microsoft Visual Studio Solution File, Format Version 11.00
# Visual Studio 2008

Project("{621AA883-8BE9-AA84-2367-7CDCC6A3FDC0}") = "PWD_Saver", "Assembly-CSharp.csproj", "{9AC496D7-2D59-2305-7C7A-85FE2BD5C499}"
EndProject
Project("{621AA883-8BE9-AA84-2367-7CDCC6A3FDC0}") = "PWD_Saver", "Assembly-CSharp-Editor.csproj", "{AE4EA2B9-F503-7C70-1685-80AB8F3EFB0A}"
EndProject
Global
	GlobalSection(SolutionConfigurationPlatforms) = preSolution
		Debug|Any CPU = Debug|Any CPU
		Release|Any CPU = Release|Any CPU
	EndGlobalSection
	GlobalSection(ProjectConfigurationPlatforms) = postSolution
		{9AC496D7-2D59-2305-7C7A-85FE2BD5C499}.Debug|Any CPU.ActiveCfg = Debug|Any CPU
		{9AC496D7-2D59-2305-7C7A-85FE2BD5C499}.Debug|Any CPU.Build.0 = Debug|Any CPU
		{9AC496D7-2D59-2305-7C7A-85FE2BD5C499}.Release|Any CPU.ActiveCfg = Release|Any CPU
		{9AC496D7-2D59-2305-7C7A-85FE2BD5C499}.Release|Any CPU.Build.0 = Release|Any CPU
		{AE4EA2B9-F503-7C70-1685-80AB8F3EFB0A}.Debug|Any CPU.ActiveCfg = Debug|Any CPU
		{AE4EA2B9-F503-7C70-1685-80AB8F3EFB0A}.Debug|Any CPU.Build.0 = Debug|Any CPU
		{AE4EA2B9-F503-7C70-1685-80AB8F3EFB0A}.Release|Any CPU.ActiveCfg = Release|Any CPU
		{AE4EA2B9-F503-7C70-1685-80AB8F3EFB0A}.Release|Any CPU.Build.0 = Release|Any CPU
	EndGlobalSection
	GlobalSection(SolutionProperties) = preSolution
		HideSolutionNode = FALSE
	EndGlobalSection
	GlobalSection(MonoDevelopProperties) = preSolution
		StartupItem = Assembly-CSharp.csproj
	EndGlobalSection
EndGlobal
